// !$*UTF8*$!
{
	archiveVersion = 1;
	classes = {
	};
	objectVersion = 46;
	objects = {

/* Begin PBXBuildFile section */
		FE5F7769137FDD5E003D6C9C /* Spawner.cpp in Sources */ = {isa = PBXBuildFile; fileRef = FE5F7767137FDD5E003D6C9C /* Spawner.cpp */; };
		FE5F776C137FDD73003D6C9C /* Enemy.cpp in Sources */ = {isa = PBXBuildFile; fileRef = FE5F776A137FDD73003D6C9C /* Enemy.cpp */; };
		FE5F776F137FDDE7003D6C9C /* Humanoid.cpp in Sources */ = {isa = PBXBuildFile; fileRef = FE5F776D137FDDE7003D6C9C /* Humanoid.cpp */; };
		FE5F7774137FEE5F003D6C9C /* RoboEntity.cpp in Sources */ = {isa = PBXBuildFile; fileRef = FE5F7772137FEE5E003D6C9C /* RoboEntity.cpp */; };
		FE7971A2137F347C00C7C444 /* RoboSprite.cpp in Sources */ = {isa = PBXBuildFile; fileRef = FE79719F137F347C00C7C444 /* RoboSprite.cpp */; };
		FE7971A7137F348800C7C444 /* Bullet.cpp in Sources */ = {isa = PBXBuildFile; fileRef = FE7971A3137F348800C7C444 /* Bullet.cpp */; };
		FE7971A8137F348800C7C444 /* Game.cpp in Sources */ = {isa = PBXBuildFile; fileRef = FE7971A5137F348800C7C444 /* Game.cpp */; };
		FE7971AD137F349200C7C444 /* Player.cpp in Sources */ = {isa = PBXBuildFile; fileRef = FE7971A9137F349200C7C444 /* Player.cpp */; };
		FE7971AE137F349200C7C444 /* World.cpp in Sources */ = {isa = PBXBuildFile; fileRef = FE7971AB137F349200C7C444 /* World.cpp */; };
		FE7971B4137F359600C7C444 /* sfml-audio.framework in Frameworks */ = {isa = PBXBuildFile; fileRef = FE7971AF137F359600C7C444 /* sfml-audio.framework */; };
		FE7971B5137F359600C7C444 /* sfml-graphics.framework in Frameworks */ = {isa = PBXBuildFile; fileRef = FE7971B0137F359600C7C444 /* sfml-graphics.framework */; };
		FE7971B6137F359600C7C444 /* sfml-network.framework in Frameworks */ = {isa = PBXBuildFile; fileRef = FE7971B1137F359600C7C444 /* sfml-network.framework */; };
		FE7971B7137F359600C7C444 /* sfml-system.framework in Frameworks */ = {isa = PBXBuildFile; fileRef = FE7971B2137F359600C7C444 /* sfml-system.framework */; };
		FE7971B8137F359600C7C444 /* sfml-window.framework in Frameworks */ = {isa = PBXBuildFile; fileRef = FE7971B3137F359600C7C444 /* sfml-window.framework */; };
		FE985EBC1375724A00BD2A34 /* CoreFoundation.framework in Frameworks */ = {isa = PBXBuildFile; fileRef = FE985EBB1375724A00BD2A34 /* CoreFoundation.framework */; };
		FE985EBE1375738100BD2A34 /* bullet_blue.png in CopyFiles */ = {isa = PBXBuildFile; fileRef = FEA35B8F1370872000D6F63B /* bullet_blue.png */; };
		FE985EBF1375738100BD2A34 /* bullet_red.png in CopyFiles */ = {isa = PBXBuildFile; fileRef = FEA35B901370872000D6F63B /* bullet_red.png */; };
		FE985EC01375738100BD2A34 /* ledge_1.png in CopyFiles */ = {isa = PBXBuildFile; fileRef = FEA35B911370872000D6F63B /* ledge_1.png */; };
		FE985EC11375738100BD2A34 /* minion_melee_blue.png in CopyFiles */ = {isa = PBXBuildFile; fileRef = FEA35B921370872000D6F63B /* minion_melee_blue.png */; };
		FE985EC21375738100BD2A34 /* minion_melee_red.png in CopyFiles */ = {isa = PBXBuildFile; fileRef = FEA35B931370872000D6F63B /* minion_melee_red.png */; };
		FE985EC31375738100BD2A34 /* tower_blue_selected.png in CopyFiles */ = {isa = PBXBuildFile; fileRef = FEA35B941370872000D6F63B /* tower_blue_selected.png */; };
		FE985EC41375738100BD2A34 /* tower_blue.png in CopyFiles */ = {isa = PBXBuildFile; fileRef = FEA35B951370872000D6F63B /* tower_blue.png */; };
		FE985EC51375738100BD2A34 /* Tower_red_selected.png in CopyFiles */ = {isa = PBXBuildFile; fileRef = FEA35B961370872000D6F63B /* Tower_red_selected.png */; };
		FE985EC61375738100BD2A34 /* tower_red.png in CopyFiles */ = {isa = PBXBuildFile; fileRef = FEA35B971370872000D6F63B /* tower_red.png */; };
		FEA35B811370829200D6F63B /* main.cpp in Sources */ = {isa = PBXBuildFile; fileRef = FEA35B801370829200D6F63B /* main.cpp */; };
		FEA35B87137082B900D6F63B /* SFML.framework in Frameworks */ = {isa = PBXBuildFile; fileRef = FEA35B86137082B900D6F63B /* SFML.framework */; };
		FEA35B9A1370894700D6F63B /* RoboEngine.cpp in Sources */ = {isa = PBXBuildFile; fileRef = FEA35B991370894700D6F63B /* RoboEngine.cpp */; };
		FEC6C94F138848B00074BF9E /* RoboScene.cpp in Sources */ = {isa = PBXBuildFile; fileRef = FEC6C94D138848B00074BF9E /* RoboScene.cpp */; };
		FEC6C95B138869B20074BF9E /* RoboEngine.h in Headers */ = {isa = PBXBuildFile; fileRef = FEC6C95A138869B20074BF9E /* RoboEngine.h */; settings = {ATTRIBUTES = (Public, ); }; };
		FEC6C95E138869B20074BF9E /* RoboEngine.cp in Sources */ = {isa = PBXBuildFile; fileRef = FEC6C95D138869B20074BF9E /* RoboEngine.cp */; };
		FEC6C962138869C30074BF9E /* RoboScene.cpp in Sources */ = {isa = PBXBuildFile; fileRef = FEC6C94D138848B00074BF9E /* RoboScene.cpp */; };
		FEC6C963138869C30074BF9E /* RoboScene.h in Sources */ = {isa = PBXBuildFile; fileRef = FEC6C94E138848B00074BF9E /* RoboScene.h */; };
		FEC6C964138869C30074BF9E /* RoboEngine.cpp in Sources */ = {isa = PBXBuildFile; fileRef = FEA35B991370894700D6F63B /* RoboEngine.cpp */; };
		FEC6C965138869C30074BF9E /* RoboEngine.h in Sources */ = {isa = PBXBuildFile; fileRef = FEA35B98137088F000D6F63B /* RoboEngine.h */; };
		FEC6C966138869C30074BF9E /* RoboSprite.cpp in Sources */ = {isa = PBXBuildFile; fileRef = FE79719F137F347C00C7C444 /* RoboSprite.cpp */; };
		FEC6C967138869C30074BF9E /* RoboSprite.h in Sources */ = {isa = PBXBuildFile; fileRef = FE7971A0137F347C00C7C444 /* RoboSprite.h */; };
		FEC6C968138869C30074BF9E /* RoboEntity.cpp in Sources */ = {isa = PBXBuildFile; fileRef = FE5F7772137FEE5E003D6C9C /* RoboEntity.cpp */; };
		FEC6C969138869C30074BF9E /* RoboEntity.h in Sources */ = {isa = PBXBuildFile; fileRef = FE5F7773137FEE5F003D6C9C /* RoboEntity.h */; };
		FEC6C96A138869C30074BF9E /* RoboUtil.h in Sources */ = {isa = PBXBuildFile; fileRef = FEEEB8DF137E7B2F00CC1485 /* RoboUtil.h */; };
		FEC6C96D138869F20074BF9E /* sfml-audio.framework in Frameworks */ = {isa = PBXBuildFile; fileRef = FE7971AF137F359600C7C444 /* sfml-audio.framework */; };
		FEC6C96E138869F20074BF9E /* sfml-graphics.framework in Frameworks */ = {isa = PBXBuildFile; fileRef = FE7971B0137F359600C7C444 /* sfml-graphics.framework */; };
		FEC6C96F138869F20074BF9E /* sfml-network.framework in Frameworks */ = {isa = PBXBuildFile; fileRef = FE7971B1137F359600C7C444 /* sfml-network.framework */; };
		FEC6C970138869F20074BF9E /* sfml-system.framework in Frameworks */ = {isa = PBXBuildFile; fileRef = FE7971B2137F359600C7C444 /* sfml-system.framework */; };
		FEC6C971138869F20074BF9E /* sfml-window.framework in Frameworks */ = {isa = PBXBuildFile; fileRef = FE7971B3137F359600C7C444 /* sfml-window.framework */; };
		FEC6C972138869F20074BF9E /* CoreFoundation.framework in Frameworks */ = {isa = PBXBuildFile; fileRef = FE985EBB1375724A00BD2A34 /* CoreFoundation.framework */; };
		FEC6C973138869F20074BF9E /* SFML.framework in Frameworks */ = {isa = PBXBuildFile; fileRef = FEA35B86137082B900D6F63B /* SFML.framework */; };
		FEC6C97413886A060074BF9E /* RoboScene.h in Headers */ = {isa = PBXBuildFile; fileRef = FEC6C94E138848B00074BF9E /* RoboScene.h */; settings = {ATTRIBUTES = (Public, ); }; };
		FEC6C97513886A060074BF9E /* RoboSprite.h in Headers */ = {isa = PBXBuildFile; fileRef = FE7971A0137F347C00C7C444 /* RoboSprite.h */; settings = {ATTRIBUTES = (Public, ); }; };
		FEC6C97613886A060074BF9E /* RoboEntity.h in Headers */ = {isa = PBXBuildFile; fileRef = FE5F7773137FEE5F003D6C9C /* RoboEntity.h */; settings = {ATTRIBUTES = (Public, ); }; };
		FEC6C97713886A060074BF9E /* RoboUtil.h in Headers */ = {isa = PBXBuildFile; fileRef = FEEEB8DF137E7B2F00CC1485 /* RoboUtil.h */; settings = {ATTRIBUTES = (Public, ); }; };
		FEE982EF1387DB45000E4765 /* block_orange.png in CopyFiles */ = {isa = PBXBuildFile; fileRef = FE5F7764137FDD47003D6C9C /* block_orange.png */; };
		FEE982F01387DB45000E4765 /* block_yellow.png in CopyFiles */ = {isa = PBXBuildFile; fileRef = FE5F7765137FDD47003D6C9C /* block_yellow.png */; };
/* End PBXBuildFile section */

/* Begin PBXCopyFilesBuildPhase section */
		FEA35B7A1370829200D6F63B /* CopyFiles */ = {
			isa = PBXCopyFilesBuildPhase;
			buildActionMask = 12;
			dstPath = resources;
			dstSubfolderSpec = 16;
			files = (
				FEE982EF1387DB45000E4765 /* block_orange.png in CopyFiles */,
				FEE982F01387DB45000E4765 /* block_yellow.png in CopyFiles */,
				FE985EBE1375738100BD2A34 /* bullet_blue.png in CopyFiles */,
				FE985EBF1375738100BD2A34 /* bullet_red.png in CopyFiles */,
				FE985EC01375738100BD2A34 /* ledge_1.png in CopyFiles */,
				FE985EC11375738100BD2A34 /* minion_melee_blue.png in CopyFiles */,
				FE985EC21375738100BD2A34 /* minion_melee_red.png in CopyFiles */,
				FE985EC31375738100BD2A34 /* tower_blue_selected.png in CopyFiles */,
				FE985EC41375738100BD2A34 /* tower_blue.png in CopyFiles */,
				FE985EC51375738100BD2A34 /* Tower_red_selected.png in CopyFiles */,
				FE985EC61375738100BD2A34 /* tower_red.png in CopyFiles */,
			);
			runOnlyForDeploymentPostprocessing = 0;
		};
/* End PBXCopyFilesBuildPhase section */

/* Begin PBXFileReference section */
		FE5F7764137FDD47003D6C9C /* block_orange.png */ = {isa = PBXFileReference; lastKnownFileType = image.png; name = block_orange.png; path = ../../../../../../../../Users/maarten/Pandora/pandora/trunk/Zombots/trunk/Robodota/Resources/block_orange.png; sourceTree = "<group>"; };
		FE5F7765137FDD47003D6C9C /* block_yellow.png */ = {isa = PBXFileReference; lastKnownFileType = image.png; name = block_yellow.png; path = ../../../../../../../../Users/maarten/Pandora/pandora/trunk/Zombots/trunk/Robodota/Resources/block_yellow.png; sourceTree = "<group>"; };
		FE5F7767137FDD5E003D6C9C /* Spawner.cpp */ = {isa = PBXFileReference; fileEncoding = 4; lastKnownFileType = sourcecode.cpp.cpp; name = Spawner.cpp; path = /Users/maarten/Pandora/pandora/trunk/Zombots/trunk/Robodota/Spawner.cpp; sourceTree = "<absolute>"; };
		FE5F7768137FDD5E003D6C9C /* Spawner.h */ = {isa = PBXFileReference; fileEncoding = 4; lastKnownFileType = sourcecode.c.h; name = Spawner.h; path = /Users/maarten/Pandora/pandora/trunk/Zombots/trunk/Robodota/Spawner.h; sourceTree = "<absolute>"; };
		FE5F776A137FDD73003D6C9C /* Enemy.cpp */ = {isa = PBXFileReference; fileEncoding = 4; lastKnownFileType = sourcecode.cpp.cpp; name = Enemy.cpp; path = /Users/maarten/Pandora/pandora/trunk/Zombots/trunk/Robodota/Enemy.cpp; sourceTree = "<absolute>"; };
		FE5F776B137FDD73003D6C9C /* Enemy.h */ = {isa = PBXFileReference; fileEncoding = 4; lastKnownFileType = sourcecode.c.h; name = Enemy.h; path = /Users/maarten/Pandora/pandora/trunk/Zombots/trunk/Robodota/Enemy.h; sourceTree = "<absolute>"; };
		FE5F776D137FDDE7003D6C9C /* Humanoid.cpp */ = {isa = PBXFileReference; fileEncoding = 4; lastKnownFileType = sourcecode.cpp.cpp; name = Humanoid.cpp; path = /Users/maarten/Pandora/pandora/trunk/Zombots/trunk/Robodota/Humanoid.cpp; sourceTree = "<absolute>"; };
		FE5F776E137FDDE7003D6C9C /* Humanoid.h */ = {isa = PBXFileReference; fileEncoding = 4; lastKnownFileType = sourcecode.c.h; name = Humanoid.h; path = /Users/maarten/Pandora/pandora/trunk/Zombots/trunk/Robodota/Humanoid.h; sourceTree = "<absolute>"; };
		FE5F7772137FEE5E003D6C9C /* RoboEntity.cpp */ = {isa = PBXFileReference; fileEncoding = 4; lastKnownFileType = sourcecode.cpp.cpp; name = RoboEntity.cpp; path = ../../../../../../../../Users/maarten/Pandora/pandora/trunk/Zombots/trunk/Robodota/RoboEntity.cpp; sourceTree = "<group>"; };
		FE5F7773137FEE5F003D6C9C /* RoboEntity.h */ = {isa = PBXFileReference; fileEncoding = 4; lastKnownFileType = sourcecode.c.h; name = RoboEntity.h; path = ../../../../../../../../Users/maarten/Pandora/pandora/trunk/Zombots/trunk/Robodota/RoboEntity.h; sourceTree = "<group>"; };
		FE79719F137F347C00C7C444 /* RoboSprite.cpp */ = {isa = PBXFileReference; fileEncoding = 4; lastKnownFileType = sourcecode.cpp.cpp; name = RoboSprite.cpp; path = ../../../../../../../../Users/maarten/Pandora/pandora/trunk/Zombots/trunk/Robodota/RoboSprite.cpp; sourceTree = "<group>"; };
		FE7971A0137F347C00C7C444 /* RoboSprite.h */ = {isa = PBXFileReference; fileEncoding = 4; lastKnownFileType = sourcecode.c.h; name = RoboSprite.h; path = ../../../../../../../../Users/maarten/Pandora/pandora/trunk/Zombots/trunk/Robodota/RoboSprite.h; sourceTree = "<group>"; };
		FE7971A3137F348800C7C444 /* Bullet.cpp */ = {isa = PBXFileReference; fileEncoding = 4; lastKnownFileType = sourcecode.cpp.cpp; name = Bullet.cpp; path = ../../../../../../../../Users/maarten/Pandora/pandora/trunk/Zombots/trunk/Robodota/Bullet.cpp; sourceTree = "<group>"; };
		FE7971A4137F348800C7C444 /* Bullet.h */ = {isa = PBXFileReference; fileEncoding = 4; lastKnownFileType = sourcecode.c.h; name = Bullet.h; path = ../../../../../../../../Users/maarten/Pandora/pandora/trunk/Zombots/trunk/Robodota/Bullet.h; sourceTree = "<group>"; };
		FE7971A5137F348800C7C444 /* Game.cpp */ = {isa = PBXFileReference; fileEncoding = 4; lastKnownFileType = sourcecode.cpp.cpp; name = Game.cpp; path = ../../../../../../../../Users/maarten/Pandora/pandora/trunk/Zombots/trunk/Robodota/Game.cpp; sourceTree = "<group>"; };
		FE7971A6137F348800C7C444 /* Game.h */ = {isa = PBXFileReference; fileEncoding = 4; lastKnownFileType = sourcecode.c.h; name = Game.h; path = ../../../../../../../../Users/maarten/Pandora/pandora/trunk/Zombots/trunk/Robodota/Game.h; sourceTree = "<group>"; };
		FE7971A9137F349200C7C444 /* Player.cpp */ = {isa = PBXFileReference; fileEncoding = 4; lastKnownFileType = sourcecode.cpp.cpp; name = Player.cpp; path = /Users/maarten/Pandora/pandora/trunk/Zombots/trunk/Robodota/Player.cpp; sourceTree = "<absolute>"; };
		FE7971AA137F349200C7C444 /* Player.h */ = {isa = PBXFileReference; fileEncoding = 4; lastKnownFileType = sourcecode.c.h; name = Player.h; path = /Users/maarten/Pandora/pandora/trunk/Zombots/trunk/Robodota/Player.h; sourceTree = "<absolute>"; };
		FE7971AB137F349200C7C444 /* World.cpp */ = {isa = PBXFileReference; fileEncoding = 4; lastKnownFileType = sourcecode.cpp.cpp; name = World.cpp; path = /Users/maarten/Pandora/pandora/trunk/Zombots/trunk/Robodota/World.cpp; sourceTree = "<absolute>"; };
		FE7971AC137F349200C7C444 /* World.h */ = {isa = PBXFileReference; fileEncoding = 4; lastKnownFileType = sourcecode.c.h; name = World.h; path = /Users/maarten/Pandora/pandora/trunk/Zombots/trunk/Robodota/World.h; sourceTree = "<absolute>"; };
		FE7971AF137F359600C7C444 /* sfml-audio.framework */ = {isa = PBXFileReference; lastKnownFileType = wrapper.framework; name = "sfml-audio.framework"; path = "../../../../../../../Library/Frameworks/sfml-audio.framework"; sourceTree = "<group>"; };
		FE7971B0137F359600C7C444 /* sfml-graphics.framework */ = {isa = PBXFileReference; lastKnownFileType = wrapper.framework; name = "sfml-graphics.framework"; path = "../../../../../../../Library/Frameworks/sfml-graphics.framework"; sourceTree = "<group>"; };
		FE7971B1137F359600C7C444 /* sfml-network.framework */ = {isa = PBXFileReference; lastKnownFileType = wrapper.framework; name = "sfml-network.framework"; path = "../../../../../../../Library/Frameworks/sfml-network.framework"; sourceTree = "<group>"; };
		FE7971B2137F359600C7C444 /* sfml-system.framework */ = {isa = PBXFileReference; lastKnownFileType = wrapper.framework; name = "sfml-system.framework"; path = "../../../../../../../Library/Frameworks/sfml-system.framework"; sourceTree = "<group>"; };
		FE7971B3137F359600C7C444 /* sfml-window.framework */ = {isa = PBXFileReference; lastKnownFileType = wrapper.framework; name = "sfml-window.framework"; path = "../../../../../../../Library/Frameworks/sfml-window.framework"; sourceTree = "<group>"; };
		FE985EBB1375724A00BD2A34 /* CoreFoundation.framework */ = {isa = PBXFileReference; lastKnownFileType = wrapper.framework; name = CoreFoundation.framework; path = SDKs/MacOSX10.6.sdk/System/Library/Frameworks/CoreFoundation.framework; sourceTree = DEVELOPER_DIR; };
		FEA35B7C1370829200D6F63B /* Robodota */ = {isa = PBXFileReference; explicitFileType = "compiled.mach-o.executable"; includeInIndex = 0; path = Robodota; sourceTree = BUILT_PRODUCTS_DIR; };
		FEA35B801370829200D6F63B /* main.cpp */ = {isa = PBXFileReference; lastKnownFileType = sourcecode.cpp.cpp; path = main.cpp; sourceTree = "<group>"; };
		FEA35B821370829200D6F63B /* Robodota.1 */ = {isa = PBXFileReference; lastKnownFileType = text.man; path = Robodota.1; sourceTree = "<group>"; };
		FEA35B86137082B900D6F63B /* SFML.framework */ = {isa = PBXFileReference; lastKnownFileType = wrapper.framework; name = SFML.framework; path = SDKs/MacOSX10.6.sdk/Library/Frameworks/SFML.framework; sourceTree = DEVELOPER_DIR; };
		FEA35B8F1370872000D6F63B /* bullet_blue.png */ = {isa = PBXFileReference; lastKnownFileType = image.png; name = bullet_blue.png; path = Resources/bullet_blue.png; sourceTree = "<group>"; };
		FEA35B901370872000D6F63B /* bullet_red.png */ = {isa = PBXFileReference; lastKnownFileType = image.png; name = bullet_red.png; path = Resources/bullet_red.png; sourceTree = "<group>"; };
		FEA35B911370872000D6F63B /* ledge_1.png */ = {isa = PBXFileReference; lastKnownFileType = image.png; name = ledge_1.png; path = Resources/ledge_1.png; sourceTree = "<group>"; };
		FEA35B921370872000D6F63B /* minion_melee_blue.png */ = {isa = PBXFileReference; lastKnownFileType = image.png; name = minion_melee_blue.png; path = Resources/minion_melee_blue.png; sourceTree = "<group>"; };
		FEA35B931370872000D6F63B /* minion_melee_red.png */ = {isa = PBXFileReference; lastKnownFileType = image.png; name = minion_melee_red.png; path = Resources/minion_melee_red.png; sourceTree = "<group>"; };
		FEA35B941370872000D6F63B /* tower_blue_selected.png */ = {isa = PBXFileReference; lastKnownFileType = image.png; name = tower_blue_selected.png; path = Resources/tower_blue_selected.png; sourceTree = "<group>"; };
		FEA35B951370872000D6F63B /* tower_blue.png */ = {isa = PBXFileReference; lastKnownFileType = image.png; name = tower_blue.png; path = Resources/tower_blue.png; sourceTree = "<group>"; };
		FEA35B961370872000D6F63B /* Tower_red_selected.png */ = {isa = PBXFileReference; lastKnownFileType = image.png; name = Tower_red_selected.png; path = Resources/Tower_red_selected.png; sourceTree = "<group>"; };
		FEA35B971370872000D6F63B /* tower_red.png */ = {isa = PBXFileReference; lastKnownFileType = image.png; name = tower_red.png; path = Resources/tower_red.png; sourceTree = "<group>"; };
		FEA35B98137088F000D6F63B /* RoboEngine.h */ = {isa = PBXFileReference; fileEncoding = 4; lastKnownFileType = sourcecode.c.h; path = RoboEngine.h; sourceTree = "<group>"; };
		FEA35B991370894700D6F63B /* RoboEngine.cpp */ = {isa = PBXFileReference; fileEncoding = 4; lastKnownFileType = sourcecode.cpp.cpp; path = RoboEngine.cpp; sourceTree = "<group>"; };
		FEC6C94D138848B00074BF9E /* RoboScene.cpp */ = {isa = PBXFileReference; fileEncoding = 4; lastKnownFileType = sourcecode.cpp.cpp; name = RoboScene.cpp; path = ../../../../../../../../Users/maarten/Pandora/pandora/trunk/Zombots/trunk/Robodota/RoboScene.cpp; sourceTree = "<group>"; };
		FEC6C94E138848B00074BF9E /* RoboScene.h */ = {isa = PBXFileReference; fileEncoding = 4; lastKnownFileType = sourcecode.c.h; name = RoboScene.h; path = ../../../../../../../../Users/maarten/Pandora/pandora/trunk/Zombots/trunk/Robodota/RoboScene.h; sourceTree = "<group>"; };
		FEC6C954138869B20074BF9E /* RoboEngine.dylib */ = {isa = PBXFileReference; explicitFileType = "compiled.mach-o.dylib"; includeInIndex = 0; path = RoboEngine.dylib; sourceTree = BUILT_PRODUCTS_DIR; };
		FEC6C957138869B20074BF9E /* RoboEngine-Prefix.pch */ = {isa = PBXFileReference; lastKnownFileType = sourcecode.c.h; path = "RoboEngine-Prefix.pch"; sourceTree = "<group>"; };
		FEC6C958138869B20074BF9E /* RoboEngineProj.xcconfig */ = {isa = PBXFileReference; lastKnownFileType = text.xcconfig; path = RoboEngineProj.xcconfig; sourceTree = "<group>"; };
		FEC6C959138869B20074BF9E /* RoboEngineTarget.xcconfig */ = {isa = PBXFileReference; lastKnownFileType = text.xcconfig; path = RoboEngineTarget.xcconfig; sourceTree = "<group>"; };
		FEC6C95A138869B20074BF9E /* RoboEngine.h */ = {isa = PBXFileReference; lastKnownFileType = sourcecode.c.h; path = RoboEngine.h; sourceTree = "<group>"; };
		FEC6C95C138869B20074BF9E /* RoboEnginePriv.h */ = {isa = PBXFileReference; lastKnownFileType = sourcecode.c.h; path = RoboEnginePriv.h; sourceTree = "<group>"; };
		FEC6C95D138869B20074BF9E /* RoboEngine.cp */ = {isa = PBXFileReference; lastKnownFileType = sourcecode.cpp.cpp; path = RoboEngine.cp; sourceTree = "<group>"; };
		FEE982F21387F408000E4765 /* Configuration.h */ = {isa = PBXFileReference; fileEncoding = 4; lastKnownFileType = sourcecode.c.h; name = Configuration.h; path = ../../../../../../../../Users/maarten/Pandora/pandora/trunk/Zombots/trunk/Robodota/Configuration.h; sourceTree = "<group>"; };
		FEEEB8DF137E7B2F00CC1485 /* RoboUtil.h */ = {isa = PBXFileReference; fileEncoding = 4; lastKnownFileType = sourcecode.c.h; path = RoboUtil.h; sourceTree = "<group>"; };
/* End PBXFileReference section */

/* Begin PBXFrameworksBuildPhase section */
		FEA35B791370829200D6F63B /* Frameworks */ = {
			isa = PBXFrameworksBuildPhase;
			buildActionMask = 2147483647;
			files = (
				FE7971B4137F359600C7C444 /* sfml-audio.framework in Frameworks */,
				FE7971B5137F359600C7C444 /* sfml-graphics.framework in Frameworks */,
				FE7971B6137F359600C7C444 /* sfml-network.framework in Frameworks */,
				FE7971B7137F359600C7C444 /* sfml-system.framework in Frameworks */,
				FE7971B8137F359600C7C444 /* sfml-window.framework in Frameworks */,
				FE985EBC1375724A00BD2A34 /* CoreFoundation.framework in Frameworks */,
				FEA35B87137082B900D6F63B /* SFML.framework in Frameworks */,
			);
			runOnlyForDeploymentPostprocessing = 0;
		};
		FEC6C951138869B20074BF9E /* Frameworks */ = {
			isa = PBXFrameworksBuildPhase;
			buildActionMask = 2147483647;
			files = (
				FEC6C96D138869F20074BF9E /* sfml-audio.framework in Frameworks */,
				FEC6C96E138869F20074BF9E /* sfml-graphics.framework in Frameworks */,
				FEC6C96F138869F20074BF9E /* sfml-network.framework in Frameworks */,
				FEC6C970138869F20074BF9E /* sfml-system.framework in Frameworks */,
				FEC6C971138869F20074BF9E /* sfml-window.framework in Frameworks */,
				FEC6C972138869F20074BF9E /* CoreFoundation.framework in Frameworks */,
				FEC6C973138869F20074BF9E /* SFML.framework in Frameworks */,
			);
			runOnlyForDeploymentPostprocessing = 0;
		};
/* End PBXFrameworksBuildPhase section */

/* Begin PBXGroup section */
		FE4BE5DA1375BCCD00C857E6 /* Classes */ = {
			isa = PBXGroup;
			children = (
				FEA35B801370829200D6F63B /* main.cpp */,
				FEE982F21387F408000E4765 /* Configuration.h */,
				FE5F7771137FE160003D6C9C /* World */,
				FE5F7770137FE0FC003D6C9C /* Humanoids */,
				FE7971A3137F348800C7C444 /* Bullet.cpp */,
				FE7971A4137F348800C7C444 /* Bullet.h */,
				FE7971A5137F348800C7C444 /* Game.cpp */,
				FE7971A6137F348800C7C444 /* Game.h */,
				FE4BE5DB1375C48B00C857E6 /* Engine */,
			);
			name = Classes;
			sourceTree = "<group>";
		};
		FE4BE5DB1375C48B00C857E6 /* Engine */ = {
			isa = PBXGroup;
			children = (
				FEA35B991370894700D6F63B /* RoboEngine.cpp */,
				FEA35B98137088F000D6F63B /* RoboEngine.h */,
				FEC6C94D138848B00074BF9E /* RoboScene.cpp */,
				FEC6C94E138848B00074BF9E /* RoboScene.h */,
				FE79719F137F347C00C7C444 /* RoboSprite.cpp */,
				FE7971A0137F347C00C7C444 /* RoboSprite.h */,
				FE5F7772137FEE5E003D6C9C /* RoboEntity.cpp */,
				FE5F7773137FEE5F003D6C9C /* RoboEntity.h */,
				FEEEB8DF137E7B2F00CC1485 /* RoboUtil.h */,
			);
			name = Engine;
			sourceTree = "<group>";
		};
		FE5F7770137FE0FC003D6C9C /* Humanoids */ = {
			isa = PBXGroup;
			children = (
				FE5F776D137FDDE7003D6C9C /* Humanoid.cpp */,
				FE5F776E137FDDE7003D6C9C /* Humanoid.h */,
				FE7971A9137F349200C7C444 /* Player.cpp */,
				FE7971AA137F349200C7C444 /* Player.h */,
				FE5F776A137FDD73003D6C9C /* Enemy.cpp */,
				FE5F776B137FDD73003D6C9C /* Enemy.h */,
			);
			name = Humanoids;
			sourceTree = "<group>";
		};
		FE5F7771137FE160003D6C9C /* World */ = {
			isa = PBXGroup;
			children = (
				FE7971AB137F349200C7C444 /* World.cpp */,
				FE7971AC137F349200C7C444 /* World.h */,
				FE5F7767137FDD5E003D6C9C /* Spawner.cpp */,
				FE5F7768137FDD5E003D6C9C /* Spawner.h */,
			);
			name = World;
			sourceTree = "<group>";
		};
		FEA35B6F1370826200D6F63B = {
			isa = PBXGroup;
			children = (
				FE7971AF137F359600C7C444 /* sfml-audio.framework */,
				FE7971B0137F359600C7C444 /* sfml-graphics.framework */,
				FE7971B1137F359600C7C444 /* sfml-network.framework */,
				FE7971B2137F359600C7C444 /* sfml-system.framework */,
				FE7971B3137F359600C7C444 /* sfml-window.framework */,
				FE985EBB1375724A00BD2A34 /* CoreFoundation.framework */,
				FEA35B86137082B900D6F63B /* SFML.framework */,
				FEA35B7F1370829200D6F63B /* Robodota */,
				FEC6C955138869B20074BF9E /* RoboEngine */,
				FEA35B7D1370829200D6F63B /* Products */,
			);
			sourceTree = "<group>";
		};
		FEA35B7D1370829200D6F63B /* Products */ = {
			isa = PBXGroup;
			children = (
				FEA35B7C1370829200D6F63B /* Robodota */,
				FEC6C954138869B20074BF9E /* RoboEngine.dylib */,
			);
			name = Products;
			sourceTree = "<group>";
		};
		FEA35B7F1370829200D6F63B /* Robodota */ = {
			isa = PBXGroup;
			children = (
				FE4BE5DA1375BCCD00C857E6 /* Classes */,
				FEA35B8E137086C400D6F63B /* Resources */,
				FEA35B821370829200D6F63B /* Robodota.1 */,
			);
			path = Robodota;
			sourceTree = "<group>";
		};
		FEA35B8E137086C400D6F63B /* Resources */ = {
			isa = PBXGroup;
			children = (
				FE5F7764137FDD47003D6C9C /* block_orange.png */,
				FE5F7765137FDD47003D6C9C /* block_yellow.png */,
				FEA35B8F1370872000D6F63B /* bullet_blue.png */,
				FEA35B901370872000D6F63B /* bullet_red.png */,
				FEA35B911370872000D6F63B /* ledge_1.png */,
				FEA35B921370872000D6F63B /* minion_melee_blue.png */,
				FEA35B931370872000D6F63B /* minion_melee_red.png */,
				FEA35B941370872000D6F63B /* tower_blue_selected.png */,
				FEA35B951370872000D6F63B /* tower_blue.png */,
				FEA35B961370872000D6F63B /* Tower_red_selected.png */,
				FEA35B971370872000D6F63B /* tower_red.png */,
			);
			name = Resources;
			sourceTree = "<group>";
		};
		FEC6C955138869B20074BF9E /* RoboEngine */ = {
			isa = PBXGroup;
			children = (
				FEC6C958138869B20074BF9E /* RoboEngineProj.xcconfig */,
				FEC6C959138869B20074BF9E /* RoboEngineTarget.xcconfig */,
				FEC6C95A138869B20074BF9E /* RoboEngine.h */,
				FEC6C95C138869B20074BF9E /* RoboEnginePriv.h */,
				FEC6C95D138869B20074BF9E /* RoboEngine.cp */,
				FEC6C956138869B20074BF9E /* Supporting Files */,
			);
			path = RoboEngine;
			sourceTree = "<group>";
		};
		FEC6C956138869B20074BF9E /* Supporting Files */ = {
			isa = PBXGroup;
			children = (
				FEC6C957138869B20074BF9E /* RoboEngine-Prefix.pch */,
			);
			name = "Supporting Files";
			sourceTree = "<group>";
		};
/* End PBXGroup section */

/* Begin PBXHeadersBuildPhase section */
		FEC6C952138869B20074BF9E /* Headers */ = {
			isa = PBXHeadersBuildPhase;
			buildActionMask = 2147483647;
			files = (
				FEC6C97413886A060074BF9E /* RoboScene.h in Headers */,
				FEC6C97513886A060074BF9E /* RoboSprite.h in Headers */,
				FEC6C97613886A060074BF9E /* RoboEntity.h in Headers */,
				FEC6C97713886A060074BF9E /* RoboUtil.h in Headers */,
				FEC6C95B138869B20074BF9E /* RoboEngine.h in Headers */,
			);
			runOnlyForDeploymentPostprocessing = 0;
		};
/* End PBXHeadersBuildPhase section */

/* Begin PBXNativeTarget section */
		FEA35B7B1370829200D6F63B /* Robodota */ = {
			isa = PBXNativeTarget;
			buildConfigurationList = FEA35B831370829200D6F63B /* Build configuration list for PBXNativeTarget "Robodota" */;
			buildPhases = (
				FEA35B781370829200D6F63B /* Sources */,
				FEA35B791370829200D6F63B /* Frameworks */,
				FEA35B7A1370829200D6F63B /* CopyFiles */,
			);
			buildRules = (
			);
			dependencies = (
			);
			name = Robodota;
			productName = Robodota;
			productReference = FEA35B7C1370829200D6F63B /* Robodota */;
			productType = "com.apple.product-type.tool";
		};
		FEC6C953138869B20074BF9E /* RoboEngine */ = {
			isa = PBXNativeTarget;
			buildConfigurationList = FEC6C95F138869B20074BF9E /* Build configuration list for PBXNativeTarget "RoboEngine" */;
			buildPhases = (
				FEC6C950138869B20074BF9E /* Sources */,
				FEC6C951138869B20074BF9E /* Frameworks */,
				FEC6C952138869B20074BF9E /* Headers */,
			);
			buildRules = (
			);
			dependencies = (
			);
			name = RoboEngine;
			productName = RoboEngine;
			productReference = FEC6C954138869B20074BF9E /* RoboEngine.dylib */;
			productType = "com.apple.product-type.library.dynamic";
		};
/* End PBXNativeTarget section */

/* Begin PBXProject section */
		FEA35B711370826200D6F63B /* Project object */ = {
			isa = PBXProject;
			buildConfigurationList = FEA35B741370826200D6F63B /* Build configuration list for PBXProject "SFMLTest" */;
			compatibilityVersion = "Xcode 3.2";
			developmentRegion = English;
			hasScannedForEncodings = 0;
			knownRegions = (
				en,
			);
			mainGroup = FEA35B6F1370826200D6F63B;
			productRefGroup = FEA35B7D1370829200D6F63B /* Products */;
			projectDirPath = "";
			projectRoot = "";
			targets = (
				FEA35B7B1370829200D6F63B /* Robodota */,
				FEC6C953138869B20074BF9E /* RoboEngine */,
			);
		};
/* End PBXProject section */

/* Begin PBXSourcesBuildPhase section */
		FEA35B781370829200D6F63B /* Sources */ = {
			isa = PBXSourcesBuildPhase;
			buildActionMask = 2147483647;
			files = (
				FEA35B811370829200D6F63B /* main.cpp in Sources */,
				FEA35B9A1370894700D6F63B /* RoboEngine.cpp in Sources */,
				FE7971A2137F347C00C7C444 /* RoboSprite.cpp in Sources */,
				FE7971A7137F348800C7C444 /* Bullet.cpp in Sources */,
				FE7971A8137F348800C7C444 /* Game.cpp in Sources */,
				FE7971AD137F349200C7C444 /* Player.cpp in Sources */,
				FE7971AE137F349200C7C444 /* World.cpp in Sources */,
				FE5F7769137FDD5E003D6C9C /* Spawner.cpp in Sources */,
				FE5F776C137FDD73003D6C9C /* Enemy.cpp in Sources */,
				FE5F776F137FDDE7003D6C9C /* Humanoid.cpp in Sources */,
				FE5F7774137FEE5F003D6C9C /* RoboEntity.cpp in Sources */,
				FEC6C94F138848B00074BF9E /* RoboScene.cpp in Sources */,
			);
			runOnlyForDeploymentPostprocessing = 0;
		};
		FEC6C950138869B20074BF9E /* Sources */ = {
			isa = PBXSourcesBuildPhase;
			buildActionMask = 2147483647;
			files = (
				FEC6C962138869C30074BF9E /* RoboScene.cpp in Sources */,
				FEC6C963138869C30074BF9E /* RoboScene.h in Sources */,
				FEC6C964138869C30074BF9E /* RoboEngine.cpp in Sources */,
				FEC6C965138869C30074BF9E /* RoboEngine.h in Sources */,
				FEC6C966138869C30074BF9E /* RoboSprite.cpp in Sources */,
				FEC6C967138869C30074BF9E /* RoboSprite.h in Sources */,
				FEC6C968138869C30074BF9E /* RoboEntity.cpp in Sources */,
				FEC6C969138869C30074BF9E /* RoboEntity.h in Sources */,
				FEC6C96A138869C30074BF9E /* RoboUtil.h in Sources */,
				FEC6C95E138869B20074BF9E /* RoboEngine.cp in Sources */,
			);
			runOnlyForDeploymentPostprocessing = 0;
		};
/* End PBXSourcesBuildPhase section */

/* Begin XCBuildConfiguration section */
		FEA35B761370826200D6F63B /* Debug */ = {
			isa = XCBuildConfiguration;
			buildSettings = {
				INSTALL_PATH = /Users/maarten/Desktop/SFMLTest/Robodota;
			};
			name = Debug;
		};
		FEA35B771370826200D6F63B /* Release */ = {
			isa = XCBuildConfiguration;
			buildSettings = {
			};
			name = Release;
		};
		FEA35B841370829200D6F63B /* Debug */ = {
			isa = XCBuildConfiguration;
			buildSettings = {
				ALWAYS_SEARCH_USER_PATHS = NO;
				ARCHS = "$(ARCHS_STANDARD_32_64_BIT)";
				COPY_PHASE_STRIP = NO;
				GCC_C_LANGUAGE_STANDARD = gnu99;
				GCC_DYNAMIC_NO_PIC = NO;
				GCC_ENABLE_OBJC_EXCEPTIONS = YES;
				GCC_OPTIMIZATION_LEVEL = 0;
				GCC_PREPROCESSOR_DEFINITIONS = DEBUG;
				GCC_SYMBOLS_PRIVATE_EXTERN = NO;
				GCC_VERSION = com.apple.compilers.llvm.clang.1_0;
				GCC_WARN_64_TO_32_BIT_CONVERSION = YES;
				GCC_WARN_ABOUT_RETURN_TYPE = YES;
				GCC_WARN_UNUSED_VARIABLE = YES;
				MACOSX_DEPLOYMENT_TARGET = 10.6;
				ONLY_ACTIVE_ARCH = YES;
				PRODUCT_NAME = "$(TARGET_NAME)";
				SDKROOT = macosx;
			};
			name = Debug;
		};
		FEA35B851370829200D6F63B /* Release */ = {
			isa = XCBuildConfiguration;
			buildSettings = {
				ALWAYS_SEARCH_USER_PATHS = NO;
				ARCHS = "$(ARCHS_STANDARD_32_64_BIT)";
				COPY_PHASE_STRIP = YES;
				DEBUG_INFORMATION_FORMAT = "dwarf-with-dsym";
				GCC_C_LANGUAGE_STANDARD = gnu99;
				GCC_ENABLE_OBJC_EXCEPTIONS = YES;
				GCC_VERSION = com.apple.compilers.llvm.clang.1_0;
				GCC_WARN_64_TO_32_BIT_CONVERSION = YES;
				GCC_WARN_ABOUT_RETURN_TYPE = YES;
				GCC_WARN_UNUSED_VARIABLE = YES;
				MACOSX_DEPLOYMENT_TARGET = 10.6;
				PRODUCT_NAME = "$(TARGET_NAME)";
				SDKROOT = macosx;
			};
			name = Release;
		};
		FEC6C960138869B20074BF9E /* Debug */ = {
			isa = XCBuildConfiguration;
			buildSettings = {
				ALWAYS_SEARCH_USER_PATHS = NO;
				ARCHS = "$(ARCHS_STANDARD_32_64_BIT)";
				COPY_PHASE_STRIP = NO;
				GCC_C_LANGUAGE_STANDARD = gnu99;
				GCC_DYNAMIC_NO_PIC = NO;
				GCC_ENABLE_OBJC_EXCEPTIONS = YES;
				GCC_OPTIMIZATION_LEVEL = 0;
				GCC_PREPROCESSOR_DEFINITIONS = DEBUG;
				GCC_SYMBOLS_PRIVATE_EXTERN = NO;
				GCC_VERSION = com.apple.compilers.llvm.clang.1_0;
				GCC_WARN_64_TO_32_BIT_CONVERSION = YES;
				GCC_WARN_ABOUT_RETURN_TYPE = YES;
				GCC_WARN_UNUSED_VARIABLE = YES;
				MACOSX_DEPLOYMENT_TARGET = 10.6;
				ONLY_ACTIVE_ARCH = YES;
				PRODUCT_NAME = "$(TARGET_NAME)";
				SDKROOT = macosx;
			};
			name = Debug;
		};
		FEC6C961138869B20074BF9E /* Release */ = {
			isa = XCBuildConfiguration;
			buildSettings = {
				ALWAYS_SEARCH_USER_PATHS = NO;
				ARCHS = "$(ARCHS_STANDARD_32_64_BIT)";
				COPY_PHASE_STRIP = YES;
				DEBUG_INFORMATION_FORMAT = "dwarf-with-dsym";
				GCC_C_LANGUAGE_STANDARD = gnu99;
				GCC_ENABLE_OBJC_EXCEPTIONS = YES;
				GCC_VERSION = com.apple.compilers.llvm.clang.1_0;
				GCC_WARN_64_TO_32_BIT_CONVERSION = YES;
				GCC_WARN_ABOUT_RETURN_TYPE = YES;
				GCC_WARN_UNUSED_VARIABLE = YES;
				MACOSX_DEPLOYMENT_TARGET = 10.6;
				PRODUCT_NAME = "$(TARGET_NAME)";
				SDKROOT = macosx;
			};
			name = Release;
		};
/* End XCBuildConfiguration section */

/* Begin XCConfigurationList section */
		FEA35B741370826200D6F63B /* Build configuration list for PBXProject "SFMLTest" */ = {
			isa = XCConfigurationList;
			buildConfigurations = (
				FEA35B761370826200D6F63B /* Debug */,
				FEA35B771370826200D6F63B /* Release */,
			);
			defaultConfigurationIsVisible = 0;
			defaultConfigurationName = Release;
		};
		FEA35B831370829200D6F63B /* Build configuration list for PBXNativeTarget "Robodota" */ = {
			isa = XCConfigurationList;
			buildConfigurations = (
				FEA35B841370829200D6F63B /* Debug */,
				FEA35B851370829200D6F63B /* Release */,
			);
			defaultConfigurationIsVisible = 0;
			defaultConfigurationName = Release;
		};
		FEC6C95F138869B20074BF9E /* Build configuration list for PBXNativeTarget "RoboEngine" */ = {
			isa = XCConfigurationList;
			buildConfigurations = (
				FEC6C960138869B20074BF9E /* Debug */,
				FEC6C961138869B20074BF9E /* Release */,
			);
			defaultConfigurationIsVisible = 0;
			defaultConfigurationName = Release;
		};
/* End XCConfigurationList section */
	};
	rootObject = FEA35B711370826200D6F63B /* Project object */;
}
